{"1.2.0",
[{<<"eredis">>,{pkg,<<"eredis">>,<<"1.4.1">>},0},
 {<<"poolboy">>,{pkg,<<"poolboy">>,<<"1.5.1">>},0}]}.
[
{pkg_hash,[
 {<<"eredis">>, <<"C02F54ADB4D3C36EBAD69A0258258B9036155DBBCECF4F89D220497667D8CF62">>},
 {<<"poolboy">>, <<"6B46163901CFD0A1B43D692657ED9D7E599853B3B21B95AE5AE0A777CF9B6CA8">>}]},
{pkg_hash_ext,[
 {<<"eredis">>, <<"A5CE0B329FE080524C90726A3A37DA07A8E243D720E9DDF005B99E7EFCFCBE72">>},
 {<<"poolboy">>, <<"8F7168911120E13419E086E78D20E4D1A6776F1EEE2411AC9F790AF10813389F">>}]}
].
